hash: 7414ed32fc13260a40d831cbcf6b0f45112ebc65a16ccf68430e4ebc9b793872
updated: 2017-01-01T16:51:17.712456154+02:00
imports:
- name: github.com/goods/httpbuf
  version: 5709e9bb814c932e48b6737e1cf214a6522453a2
- name: github.com/gorilla/context
  version: 08b5f424b9271eedf6f9f0ce86cb9396ed337a42
- name: github.com/gorilla/mux
  version: 757bef944d0f21880861c2dd9c871ca543023cba
- name: github.com/gorilla/pat
  version: cf955c3d1f2c27ee96f93e9738085c762ff5f49d
- name: github.com/gorilla/securecookie
  version: fa5329f913702981df43dcb2a380bac429c810b5
- name: github.com/gorilla/sessions
  version: 52389059572b4736b2b7d899b0242ecc449c8779
- name: github.com/jinzhu/gorm
  version: 5174cc5c242a728b435ea2be8a2f7f998e15429b
- name: github.com/jinzhu/inflection
  version: 74387dc39a75e970e7a3ae6a3386b5bd2e5c5cff
- name: github.com/lib/pq
  version: 4a82388ebc5138c8289fe9bc602cb0b3e32cd617
  subpackages:
  - oid
- name: github.com/nfnt/resize
  version: 891127d8d1b52734debe1b3c3d7e747502b6c366
- name: github.com/rtfb/bark
  version: 07d6537e2e59f361d8bd2289666df08d35642be5
- name: github.com/rtfb/httputil
  version: 9649b2ef663485e5063fc834cb69d26fc5b4196a
- name: github.com/satori/go.uuid
  version: 879c5887cd475cd7864858769793b2ceb0d44feb
- name: github.com/shurcooL/sanitized_anchor_name
  version: 1dba4b3954bc059efc3991ec364f9f9a35f597d2
- name: gopkg.in/yaml.v2
  version: a5b47d31c556af34a302ce5d659e6fea44d90de0
testImports: []
